{
    "name": "@hellofresh/services",
    "version": "1.0.0",
    "lockfileVersion": 1,
    "requires": true,
    "dependencies": {
        "@babel/runtime": {
            "version": "7.20.6",
            "resolved": "https://registry.npmjs.org/@babel/runtime/-/runtime-7.20.6.tgz",
            "integrity": "sha512-Q+8MqP7TiHMWzSfwiJwXCjyf4GYA4Dgw3emg/7xmwsdLJOZUp+nMqcOwOzzYheuM1rhDu8FSj2l0aoMygEuXuA==",
            "requires": {
                "regenerator-runtime": "^0.13.11"
            }
        },
        "@hellofresh/types": {
            "version": "git+ssh://git@github.com/HelloFreshEric/types.git#c740380aa242618904123fa352fa5f8a1d050cfc",
            "from": "git+ssh://git@github.com/HelloFreshEric/types.git",
            "dev": true
        },
        "@nodelib/fs.scandir": {
            "version": "2.1.5",
            "resolved": "https://registry.npmjs.org/@nodelib/fs.scandir/-/fs.scandir-2.1.5.tgz",
            "integrity": "sha512-vq24Bq3ym5HEQm2NKCr3yXDwjc7vTsEThRDnkp2DK9p1uqLR+DHurm/NOTo0KG7HYHU7eppKZj3MyqYuMBf62g==",
            "dev": true,
            "requires": {
                "@nodelib/fs.stat": "2.0.5",
                "run-parallel": "^1.1.9"
            }
        },
        "@nodelib/fs.stat": {
            "version": "2.0.5",
            "resolved": "https://registry.npmjs.org/@nodelib/fs.stat/-/fs.stat-2.0.5.tgz",
            "integrity": "sha512-RkhPPp2zrqDAQA/2jNhnztcPAlv64XdhIp7a7454A5ovI7Bukxgt7MX7udwAu3zg1DcpPU0rz3VV1SeaqvY4+A==",
            "dev": true
        },
        "@nodelib/fs.walk": {
            "version": "1.2.8",
            "resolved": "https://registry.npmjs.org/@nodelib/fs.walk/-/fs.walk-1.2.8.tgz",
            "integrity": "sha512-oGB+UxlgWcgQkgwo8GcEGwemoTFt3FIO9ababBmaGwXIoBKZ+GTy0pP185beGg7Llih/NSHSV2XAs1lnznocSg==",
            "dev": true,
            "requires": {
                "@nodelib/fs.scandir": "2.1.5",
                "fastq": "^1.6.0"
            }
        },
        "@types/json-schema": {
            "version": "7.0.11",
            "resolved": "https://registry.npmjs.org/@types/json-schema/-/json-schema-7.0.11.tgz",
            "integrity": "sha512-wOuvG1SN4Us4rez+tylwwwCV1psiNVOkJeM3AUWUNWg/jDQY2+HE/444y5gc+jBmRqASOm2Oeh5c1axHobwRKQ==",
            "dev": true
        },
        "@types/semver": {
            "version": "7.3.13",
            "resolved": "https://registry.npmjs.org/@types/semver/-/semver-7.3.13.tgz",
            "integrity": "sha512-21cFJr9z3g5dW8B0CVI9g2O9beqaThGQ6ZFBqHfwhzLDKUxaqTIy3vnfah/UPkfOiF2pLq+tGz+W8RyCskuslw==",
            "dev": true
        },
        "@typescript-eslint/eslint-plugin": {
            "version": "5.46.1",
            "resolved": "https://registry.npmjs.org/@typescript-eslint/eslint-plugin/-/eslint-plugin-5.46.1.tgz",
            "integrity": "sha512-YpzNv3aayRBwjs4J3oz65eVLXc9xx0PDbIRisHj+dYhvBn02MjYOD96P8YGiWEIFBrojaUjxvkaUpakD82phsA==",
            "dev": true,
            "requires": {
                "@typescript-eslint/scope-manager": "5.46.1",
                "@typescript-eslint/type-utils": "5.46.1",
                "@typescript-eslint/utils": "5.46.1",
                "debug": "^4.3.4",
                "ignore": "^5.2.0",
                "natural-compare-lite": "^1.4.0",
                "regexpp": "^3.2.0",
                "semver": "^7.3.7",
                "tsutils": "^3.21.0"
            }
        },
        "@typescript-eslint/scope-manager": {
            "version": "5.46.1",
            "resolved": "https://registry.npmjs.org/@typescript-eslint/scope-manager/-/scope-manager-5.46.1.tgz",
            "integrity": "sha512-iOChVivo4jpwUdrJZyXSMrEIM/PvsbbDOX1y3UCKjSgWn+W89skxWaYXACQfxmIGhPVpRWK/VWPYc+bad6smIA==",
            "dev": true,
            "requires": {
                "@typescript-eslint/types": "5.46.1",
                "@typescript-eslint/visitor-keys": "5.46.1"
            }
        },
        "@typescript-eslint/type-utils": {
            "version": "5.46.1",
            "resolved": "https://registry.npmjs.org/@typescript-eslint/type-utils/-/type-utils-5.46.1.tgz",
            "integrity": "sha512-V/zMyfI+jDmL1ADxfDxjZ0EMbtiVqj8LUGPAGyBkXXStWmCUErMpW873zEHsyguWCuq2iN4BrlWUkmuVj84yng==",
            "dev": true,
            "requires": {
                "@typescript-eslint/typescript-estree": "5.46.1",
                "@typescript-eslint/utils": "5.46.1",
                "debug": "^4.3.4",
                "tsutils": "^3.21.0"
            }
        },
        "@typescript-eslint/types": {
            "version": "5.46.1",
            "resolved": "https://registry.npmjs.org/@typescript-eslint/types/-/types-5.46.1.tgz",
            "integrity": "sha512-Z5pvlCaZgU+93ryiYUwGwLl9AQVB/PQ1TsJ9NZ/gHzZjN7g9IAn6RSDkpCV8hqTwAiaj6fmCcKSQeBPlIpW28w==",
            "dev": true
        },
        "@typescript-eslint/typescript-estree": {
            "version": "5.46.1",
            "resolved": "https://registry.npmjs.org/@typescript-eslint/typescript-estree/-/typescript-estree-5.46.1.tgz",
            "integrity": "sha512-j9W4t67QiNp90kh5Nbr1w92wzt+toiIsaVPnEblB2Ih2U9fqBTyqV9T3pYWZBRt6QoMh/zVWP59EpuCjc4VRBg==",
            "dev": true,
            "requires": {
                "@typescript-eslint/types": "5.46.1",
                "@typescript-eslint/visitor-keys": "5.46.1",
                "debug": "^4.3.4",
                "globby": "^11.1.0",
                "is-glob": "^4.0.3",
                "semver": "^7.3.7",
                "tsutils": "^3.21.0"
            }
        },
        "@typescript-eslint/utils": {
            "version": "5.46.1",
            "resolved": "https://registry.npmjs.org/@typescript-eslint/utils/-/utils-5.46.1.tgz",
            "integrity": "sha512-RBdBAGv3oEpFojaCYT4Ghn4775pdjvwfDOfQ2P6qzNVgQOVrnSPe5/Pb88kv7xzYQjoio0eKHKB9GJ16ieSxvA==",
            "dev": true,
            "requires": {
                "@types/json-schema": "^7.0.9",
                "@types/semver": "^7.3.12",
                "@typescript-eslint/scope-manager": "5.46.1",
                "@typescript-eslint/types": "5.46.1",
                "@typescript-eslint/typescript-estree": "5.46.1",
                "eslint-scope": "^5.1.1",
                "eslint-utils": "^3.0.0",
                "semver": "^7.3.7"
            }
        },
        "@typescript-eslint/visitor-keys": {
            "version": "5.46.1",
            "resolved": "https://registry.npmjs.org/@typescript-eslint/visitor-keys/-/visitor-keys-5.46.1.tgz",
            "integrity": "sha512-jczZ9noovXwy59KjRTk1OftT78pwygdcmCuBf8yMoWt/8O8l+6x2LSEze0E4TeepXK4MezW3zGSyoDRZK7Y9cg==",
            "dev": true,
            "requires": {
                "@typescript-eslint/types": "5.46.1",
                "eslint-visitor-keys": "^3.3.0"
            }
        },
        "array-union": {
            "version": "2.1.0",
            "resolved": "https://registry.npmjs.org/array-union/-/array-union-2.1.0.tgz",
            "integrity": "sha512-HGyxoOTYUyCM6stUe6EJgnd4EoewAI7zMdfqO+kGjnlZmBDz/cR5pf8r/cR4Wq60sL/p0IkcjUEEPwS3GFrIyw==",
            "dev": true
        },
        "balanced-match": {
            "version": "1.0.2",
            "resolved": "https://registry.npmjs.org/balanced-match/-/balanced-match-1.0.2.tgz",
            "integrity": "sha512-3oSeUO0TMV67hN1AmbXsK4yaqU7tjiHlbxRDZOpH0KW9+CeX4bRAaX0Anxt0tx2MrpRpWwQaPwIlISEJhYU5Pw=="
        },
        "big-integer": {
            "version": "1.6.51",
            "resolved": "https://registry.npmjs.org/big-integer/-/big-integer-1.6.51.tgz",
            "integrity": "sha512-GPEid2Y9QU1Exl1rpO9B2IPJGHPSupF5GnVIP0blYvNOMer2bTvSWs1jGOUg04hTmu67nmLsQ9TBo1puaotBHg=="
        },
        "brace-expansion": {
            "version": "1.1.11",
            "resolved": "https://registry.npmjs.org/brace-expansion/-/brace-expansion-1.1.11.tgz",
            "integrity": "sha512-iCuPHDFgrHX7H2vEI/5xpz07zSHB00TpugqhmYtVmMO6518mCuRMoOYFldEBl0g187ufozdaHgWKcYFb61qGiA==",
            "requires": {
                "balanced-match": "^1.0.0",
                "concat-map": "0.0.1"
            }
        },
        "braces": {
            "version": "3.0.2",
            "resolved": "https://registry.npmjs.org/braces/-/braces-3.0.2.tgz",
            "integrity": "sha512-b8um+L1RzM3WDSzvhm6gIz1yfTbBt6YTlcEKAvsmqCZZFw46z626lVj9j1yEPW33H5H+lBQpZMP1k8l+78Ha0A==",
            "dev": true,
            "requires": {
                "fill-range": "^7.0.1"
            }
        },
        "broadcast-channel": {
            "version": "3.7.0",
            "resolved": "https://registry.npmjs.org/broadcast-channel/-/broadcast-channel-3.7.0.tgz",
            "integrity": "sha512-cIAKJXAxGJceNZGTZSBzMxzyOn72cVgPnKx4dc6LRjQgbaJUQqhy5rzL3zbMxkMWsGKkv2hSFkPRMEXfoMZ2Mg==",
            "requires": {
                "@babel/runtime": "^7.7.2",
                "detect-node": "^2.1.0",
                "js-sha3": "0.8.0",
                "microseconds": "0.2.0",
                "nano-time": "1.0.0",
                "oblivious-set": "1.0.0",
                "rimraf": "3.0.2",
                "unload": "2.2.0"
            }
        },
        "concat-map": {
            "version": "0.0.1",
            "resolved": "https://registry.npmjs.org/concat-map/-/concat-map-0.0.1.tgz",
            "integrity": "sha512-/Srv4dswyQNBfohGpz9o6Yb3Gz3SrUDqBH5rTuhGR7ahtlbYKnVxw2bCFMRljaA7EXHaXZ8wsHdodFvbkhKmqg=="
        },
        "debug": {
            "version": "4.3.4",
            "resolved": "https://registry.npmjs.org/debug/-/debug-4.3.4.tgz",
            "integrity": "sha512-PRWFHuSU3eDtQJPvnNY7Jcket1j0t5OuOsFzPPzsekD52Zl8qUfFIPEiswXqIvHWGVHOgX+7G/vCNNhehwxfkQ==",
            "dev": true,
            "requires": {
                "ms": "2.1.2"
            }
        },
        "detect-node": {
            "version": "2.1.0",
            "resolved": "https://registry.npmjs.org/detect-node/-/detect-node-2.1.0.tgz",
            "integrity": "sha512-T0NIuQpnTvFDATNuHN5roPwSBG83rFsuO+MXXH9/3N1eFbn4wcPjttvjMLEPWJ0RGUYgQE7cGgS3tNxbqCGM7g=="
        },
        "dir-glob": {
            "version": "3.0.1",
            "resolved": "https://registry.npmjs.org/dir-glob/-/dir-glob-3.0.1.tgz",
            "integrity": "sha512-WkrWp9GR4KXfKGYzOLmTuGVi1UWFfws377n9cc55/tb6DuqyF6pcQ5AbiHEshaDpY9v6oaSr2XCDidGmMwdzIA==",
            "dev": true,
            "requires": {
                "path-type": "^4.0.0"
            }
        },
        "eslint-scope": {
            "version": "5.1.1",
            "resolved": "https://registry.npmjs.org/eslint-scope/-/eslint-scope-5.1.1.tgz",
            "integrity": "sha512-2NxwbF/hZ0KpepYN0cNbo+FN6XoK7GaHlQhgx/hIZl6Va0bF45RQOOwhLIy8lQDbuCiadSLCBnH2CFYquit5bw==",
            "dev": true,
            "requires": {
                "esrecurse": "^4.3.0",
                "estraverse": "^4.1.1"
            }
        },
        "eslint-utils": {
            "version": "3.0.0",
            "resolved": "https://registry.npmjs.org/eslint-utils/-/eslint-utils-3.0.0.tgz",
            "integrity": "sha512-uuQC43IGctw68pJA1RgbQS8/NP7rch6Cwd4j3ZBtgo4/8Flj4eGE7ZYSZRN3iq5pVUv6GPdW5Z1RFleo84uLDA==",
            "dev": true,
            "requires": {
                "eslint-visitor-keys": "^2.0.0"
            },
            "dependencies": {
                "eslint-visitor-keys": {
                    "version": "2.1.0",
                    "resolved": "https://registry.npmjs.org/eslint-visitor-keys/-/eslint-visitor-keys-2.1.0.tgz",
                    "integrity": "sha512-0rSmRBzXgDzIsD6mGdJgevzgezI534Cer5L/vyMX0kHzT/jiB43jRhd9YUlMGYLQy2zprNmoT8qasCGtY+QaKw==",
                    "dev": true
                }
            }
        },
        "eslint-visitor-keys": {
            "version": "3.3.0",
            "resolved": "https://registry.npmjs.org/eslint-visitor-keys/-/eslint-visitor-keys-3.3.0.tgz",
            "integrity": "sha512-mQ+suqKJVyeuwGYHAdjMFqjCyfl8+Ldnxuyp3ldiMBFKkvytrXUZWaiPCEav8qDHKty44bD+qV1IP4T+w+xXRA==",
            "dev": true
        },
        "esrecurse": {
            "version": "4.3.0",
            "resolved": "https://registry.npmjs.org/esrecurse/-/esrecurse-4.3.0.tgz",
            "integrity": "sha512-KmfKL3b6G+RXvP8N1vr3Tq1kL/oCFgn2NYXEtqP8/L3pKapUA4G8cFVaoF3SU323CD4XypR/ffioHmkti6/Tag==",
            "dev": true,
            "requires": {
                "estraverse": "^5.2.0"
            },
            "dependencies": {
                "estraverse": {
                    "version": "5.3.0",
                    "resolved": "https://registry.npmjs.org/estraverse/-/estraverse-5.3.0.tgz",
                    "integrity": "sha512-MMdARuVEQziNTeJD8DgMqmhwR11BRQ/cBP+pLtYdSTnf3MIO8fFeiINEbX36ZdNlfU/7A9f3gUw49B3oQsvwBA==",
                    "dev": true
                }
            }
        },
        "estraverse": {
            "version": "4.3.0",
            "resolved": "https://registry.npmjs.org/estraverse/-/estraverse-4.3.0.tgz",
            "integrity": "sha512-39nnKffWz8xN1BU/2c79n9nB9HDzo0niYUqx6xyqUnyoAnQyyWpOTdZEeiCch8BBu515t4wp9ZmgVfVhn9EBpw==",
            "dev": true
        },
        "fast-glob": {
            "version": "3.2.12",
            "resolved": "https://registry.npmjs.org/fast-glob/-/fast-glob-3.2.12.tgz",
            "integrity": "sha512-DVj4CQIYYow0BlaelwK1pHl5n5cRSJfM60UA0zK891sVInoPri2Ekj7+e1CT3/3qxXenpI+nBBmQAcJPJgaj4w==",
            "dev": true,
            "requires": {
                "@nodelib/fs.stat": "^2.0.2",
                "@nodelib/fs.walk": "^1.2.3",
                "glob-parent": "^5.1.2",
                "merge2": "^1.3.0",
                "micromatch": "^4.0.4"
            }
        },
        "fastq": {
            "version": "1.14.0",
            "resolved": "https://registry.npmjs.org/fastq/-/fastq-1.14.0.tgz",
            "integrity": "sha512-eR2D+V9/ExcbF9ls441yIuN6TI2ED1Y2ZcA5BmMtJsOkWOFRJQ0Jt0g1UwqXJJVAb+V+umH5Dfr8oh4EVP7VVg==",
            "dev": true,
            "requires": {
                "reusify": "^1.0.4"
            }
        },
        "fill-range": {
            "version": "7.0.1",
            "resolved": "https://registry.npmjs.org/fill-range/-/fill-range-7.0.1.tgz",
            "integrity": "sha512-qOo9F+dMUmC2Lcb4BbVvnKJxTPjCm+RRpe4gDuGrzkL7mEVl/djYSu2OdQ2Pa302N4oqkSg9ir6jaLWJ2USVpQ==",
            "dev": true,
            "requires": {
                "to-regex-range": "^5.0.1"
            }
        },
        "fs.realpath": {
            "version": "1.0.0",
            "resolved": "https://registry.npmjs.org/fs.realpath/-/fs.realpath-1.0.0.tgz",
            "integrity": "sha512-OO0pH2lK6a0hZnAdau5ItzHPI6pUlvI7jMVnxUQRtw4owF2wk8lOSabtGDCTP4Ggrg2MbGnWO9X8K1t4+fGMDw=="
        },
        "glob": {
            "version": "7.2.3",
            "resolved": "https://registry.npmjs.org/glob/-/glob-7.2.3.tgz",
            "integrity": "sha512-nFR0zLpU2YCaRxwoCJvL6UvCH2JFyFVIvwTLsIf21AuHlMskA1hhTdk+LlYJtOlYt9v6dvszD2BGRqBL+iQK9Q==",
            "requires": {
                "fs.realpath": "^1.0.0",
                "inflight": "^1.0.4",
                "inherits": "2",
                "minimatch": "^3.1.1",
                "once": "^1.3.0",
                "path-is-absolute": "^1.0.0"
            }
        },
        "glob-parent": {
            "version": "5.1.2",
            "resolved": "https://registry.npmjs.org/glob-parent/-/glob-parent-5.1.2.tgz",
            "integrity": "sha512-AOIgSQCepiJYwP3ARnGx+5VnTu2HBYdzbGP45eLw1vr3zB3vZLeyed1sC9hnbcOc9/SrMyM5RPQrkGz4aS9Zow==",
            "dev": true,
            "requires": {
                "is-glob": "^4.0.1"
            }
        },
        "globby": {
            "version": "11.1.0",
            "resolved": "https://registry.npmjs.org/globby/-/globby-11.1.0.tgz",
            "integrity": "sha512-jhIXaOzy1sb8IyocaruWSn1TjmnBVs8Ayhcy83rmxNJ8q2uWKCAj3CnJY+KpGSXCueAPc0i05kVvVKtP1t9S3g==",
            "dev": true,
            "requires": {
                "array-union": "^2.1.0",
                "dir-glob": "^3.0.1",
                "fast-glob": "^3.2.9",
                "ignore": "^5.2.0",
                "merge2": "^1.4.1",
                "slash": "^3.0.0"
            }
        },
        "ignore": {
            "version": "5.2.1",
            "resolved": "https://registry.npmjs.org/ignore/-/ignore-5.2.1.tgz",
            "integrity": "sha512-d2qQLzTJ9WxQftPAuEQpSPmKqzxePjzVbpAVv62AQ64NTL+wR4JkrVqR/LqFsFEUsHDAiId52mJteHDFuDkElA==",
            "dev": true
        },
        "inflight": {
            "version": "1.0.6",
            "resolved": "https://registry.npmjs.org/inflight/-/inflight-1.0.6.tgz",
            "integrity": "sha512-k92I/b08q4wvFscXCLvqfsHCrjrF7yiXsQuIVvVE7N82W3+aqpzuUdBbfhWcy/FZR3/4IgflMgKLOsvPDrGCJA==",
            "requires": {
                "once": "^1.3.0",
                "wrappy": "1"
            }
        },
        "inherits": {
            "version": "2.0.4",
            "resolved": "https://registry.npmjs.org/inherits/-/inherits-2.0.4.tgz",
            "integrity": "sha512-k/vGaX4/Yla3WzyMCvTQOXYeIHvqOKtnqBduzTHpzpQZzAskKMhZ2K+EnBiSM9zGSoIFeMpXKxa4dYeZIQqewQ=="
        },
        "is-extglob": {
            "version": "2.1.1",
            "resolved": "https://registry.npmjs.org/is-extglob/-/is-extglob-2.1.1.tgz",
            "integrity": "sha512-SbKbANkN603Vi4jEZv49LeVJMn4yGwsbzZworEoyEiutsN3nJYdbO36zfhGJ6QEDpOZIFkDtnq5JRxmvl3jsoQ==",
            "dev": true
        },
        "is-glob": {
            "version": "4.0.3",
            "resolved": "https://registry.npmjs.org/is-glob/-/is-glob-4.0.3.tgz",
            "integrity": "sha512-xelSayHH36ZgE7ZWhli7pW34hNbNl8Ojv5KVmkJD4hBdD3th8Tfk9vYasLM+mXWOZhFkgZfxhLSnrwRr4elSSg==",
            "dev": true,
            "requires": {
                "is-extglob": "^2.1.1"
            }
        },
        "is-number": {
            "version": "7.0.0",
            "resolved": "https://registry.npmjs.org/is-number/-/is-number-7.0.0.tgz",
            "integrity": "sha512-41Cifkg6e8TylSpdtTpeLVMqvSBEVzTttHvERD741+pnZ8ANv0004MRL43QKPDlK9cGvNp6NZWZUBlbGXYxxng==",
            "dev": true
        },
        "js-sha3": {
            "version": "0.8.0",
            "resolved": "https://registry.npmjs.org/js-sha3/-/js-sha3-0.8.0.tgz",
            "integrity": "sha512-gF1cRrHhIzNfToc802P800N8PpXS+evLLXfsVpowqmAFR9uwbi89WvXg2QspOmXL8QL86J4T1EpFu+yUkwJY3Q=="
        },
        "lru-cache": {
            "version": "6.0.0",
            "resolved": "https://registry.npmjs.org/lru-cache/-/lru-cache-6.0.0.tgz",
            "integrity": "sha512-Jo6dJ04CmSjuznwJSS3pUeWmd/H0ffTlkXXgwZi+eq1UCmqQwCh+eLsYOYCwY991i2Fah4h1BEMCx4qThGbsiA==",
            "dev": true,
            "requires": {
                "yallist": "^4.0.0"
            }
        },
        "match-sorter": {
            "version": "6.3.1",
            "resolved": "https://registry.npmjs.org/match-sorter/-/match-sorter-6.3.1.tgz",
            "integrity": "sha512-mxybbo3pPNuA+ZuCUhm5bwNkXrJTbsk5VWbR5wiwz/GC6LIiegBGn2w3O08UG/jdbYLinw51fSQ5xNU1U3MgBw==",
            "requires": {
                "@babel/runtime": "^7.12.5",
                "remove-accents": "0.4.2"
            }
        },
        "merge2": {
            "version": "1.4.1",
            "resolved": "https://registry.npmjs.org/merge2/-/merge2-1.4.1.tgz",
            "integrity": "sha512-8q7VEgMJW4J8tcfVPy8g09NcQwZdbwFEqhe/WZkoIzjn/3TGDwtOCYtXGxA3O8tPzpczCCDgv+P2P5y00ZJOOg==",
            "dev": true
        },
        "micromatch": {
            "version": "4.0.5",
            "resolved": "https://registry.npmjs.org/micromatch/-/micromatch-4.0.5.tgz",
            "integrity": "sha512-DMy+ERcEW2q8Z2Po+WNXuw3c5YaUSFjAO5GsJqfEl7UjvtIuFKO6ZrKvcItdy98dwFI2N1tg3zNIdKaQT+aNdA==",
            "dev": true,
            "requires": {
                "braces": "^3.0.2",
                "picomatch": "^2.3.1"
            }
        },
        "microseconds": {
            "version": "0.2.0",
            "resolved": "https://registry.npmjs.org/microseconds/-/microseconds-0.2.0.tgz",
            "integrity": "sha512-n7DHHMjR1avBbSpsTBj6fmMGh2AGrifVV4e+WYc3Q9lO+xnSZ3NyhcBND3vzzatt05LFhoKFRxrIyklmLlUtyA=="
        },
        "minimatch": {
            "version": "3.1.2",
            "resolved": "https://registry.npmjs.org/minimatch/-/minimatch-3.1.2.tgz",
            "integrity": "sha512-J7p63hRiAjw1NDEww1W7i37+ByIrOWO5XQQAzZ3VOcL0PNybwpfmV/N05zFAzwQ9USyEcX6t3UO+K5aqBQOIHw==",
            "requires": {
                "brace-expansion": "^1.1.7"
            }
        },
        "ms": {
            "version": "2.1.2",
            "resolved": "https://registry.npmjs.org/ms/-/ms-2.1.2.tgz",
            "integrity": "sha512-sGkPx+VjMtmA6MX27oA4FBFELFCZZ4S4XqeGOXCv68tT+jb3vk/RyaKWP0PTKyWtmLSM0b+adUTEvbs1PEaH2w==",
            "dev": true
        },
        "nano-time": {
            "version": "1.0.0",
            "resolved": "https://registry.npmjs.org/nano-time/-/nano-time-1.0.0.tgz",
            "integrity": "sha512-flnngywOoQ0lLQOTRNexn2gGSNuM9bKj9RZAWSzhQ+UJYaAFG9bac4DW9VHjUAzrOaIcajHybCTHe/bkvozQqA==",
            "requires": {
                "big-integer": "^1.6.16"
            }
        },
        "natural-compare-lite": {
            "version": "1.4.0",
            "resolved": "https://registry.npmjs.org/natural-compare-lite/-/natural-compare-lite-1.4.0.tgz",
            "integrity": "sha512-Tj+HTDSJJKaZnfiuw+iaF9skdPpTo2GtEly5JHnWV/hfv2Qj/9RKsGISQtLh2ox3l5EAGw487hnBee0sIJ6v2g==",
            "dev": true
        },
        "oblivious-set": {
            "version": "1.0.0",
            "resolved": "https://registry.npmjs.org/oblivious-set/-/oblivious-set-1.0.0.tgz",
            "integrity": "sha512-z+pI07qxo4c2CulUHCDf9lcqDlMSo72N/4rLUpRXf6fu+q8vjt8y0xS+Tlf8NTJDdTXHbdeO1n3MlbctwEoXZw=="
        },
        "once": {
            "version": "1.4.0",
            "resolved": "https://registry.npmjs.org/once/-/once-1.4.0.tgz",
            "integrity": "sha512-lNaJgI+2Q5URQBkccEKHTQOPaXdUxnZZElQTZY0MFUAuaEqe1E+Nyvgdz/aIyNi6Z9MzO5dv1H8n58/GELp3+w==",
            "requires": {
                "wrappy": "1"
            }
        },
        "path-is-absolute": {
            "version": "1.0.1",
            "resolved": "https://registry.npmjs.org/path-is-absolute/-/path-is-absolute-1.0.1.tgz",
            "integrity": "sha512-AVbw3UJ2e9bq64vSaS9Am0fje1Pa8pbGqTTsmXfaIiMpnr5DlDhfJOuLj9Sf95ZPVDAUerDfEk88MPmPe7UCQg=="
        },
        "path-type": {
            "version": "4.0.0",
            "resolved": "https://registry.npmjs.org/path-type/-/path-type-4.0.0.tgz",
            "integrity": "sha512-gDKb8aZMDeD/tZWs9P6+q0J9Mwkdl6xMV8TjnGP3qJVJ06bdMgkbBlLU8IdfOsIsFz2BW1rNVT3XuNEl8zPAvw==",
            "dev": true
        },
        "picomatch": {
            "version": "2.3.1",
            "resolved": "https://registry.npmjs.org/picomatch/-/picomatch-2.3.1.tgz",
            "integrity": "sha512-JU3teHTNjmE2VCGFzuY8EXzCDVwEqB2a8fsIvwaStHhAWJEeVd1o1QD80CU6+ZdEXXSLbSsuLwJjkCBWqRQUVA==",
            "dev": true
        },
        "queue-microtask": {
            "version": "1.2.3",
            "resolved": "https://registry.npmjs.org/queue-microtask/-/queue-microtask-1.2.3.tgz",
            "integrity": "sha512-NuaNSa6flKT5JaSYQzJok04JzTL1CA6aGhv5rfLW3PgqA+M2ChpZQnAC8h8i4ZFkBS8X5RqkDBHA7r4hej3K9A==",
            "dev": true
        },
        "react-query": {
            "version": "3.39.2",
            "resolved": "https://registry.npmjs.org/react-query/-/react-query-3.39.2.tgz",
            "integrity": "sha512-F6hYDKyNgDQfQOuR1Rsp3VRzJnWHx6aRnnIZHMNGGgbL3SBgpZTDg8MQwmxOgpCAoqZJA+JSNCydF1xGJqKOCA==",
            "requires": {
                "@babel/runtime": "^7.5.5",
                "broadcast-channel": "^3.4.1",
                "match-sorter": "^6.0.2"
            }
        },
        "regenerator-runtime": {
            "version": "0.13.11",
            "resolved": "https://registry.npmjs.org/regenerator-runtime/-/regenerator-runtime-0.13.11.tgz",
            "integrity": "sha512-kY1AZVr2Ra+t+piVaJ4gxaFaReZVH40AKNo7UCX6W+dEwBo/2oZJzqfuN1qLq1oL45o56cPaTXELwrTh8Fpggg=="
        },
        "regexpp": {
            "version": "3.2.0",
            "resolved": "https://registry.npmjs.org/regexpp/-/regexpp-3.2.0.tgz",
            "integrity": "sha512-pq2bWo9mVD43nbts2wGv17XLiNLya+GklZ8kaDLV2Z08gDCsGpnKn9BFMepvWuHCbyVvY7J5o5+BVvoQbmlJLg==",
            "dev": true
        },
        "remove-accents": {
            "version": "0.4.2",
            "resolved": "https://registry.npmjs.org/remove-accents/-/remove-accents-0.4.2.tgz",
            "integrity": "sha512-7pXIJqJOq5tFgG1A2Zxti3Ht8jJF337m4sowbuHsW30ZnkQFnDzy9qBNhgzX8ZLW4+UBcXiiR7SwR6pokHsxiA=="
        },
        "reusify": {
            "version": "1.0.4",
            "resolved": "https://registry.npmjs.org/reusify/-/reusify-1.0.4.tgz",
            "integrity": "sha512-U9nH88a3fc/ekCF1l0/UP1IosiuIjyTh7hBvXVMHYgVcfGvt897Xguj2UOLDeI5BG2m7/uwyaLVT6fbtCwTyzw==",
            "dev": true
        },
        "rimraf": {
            "version": "3.0.2",
            "resolved": "https://registry.npmjs.org/rimraf/-/rimraf-3.0.2.tgz",
            "integrity": "sha512-JZkJMZkAGFFPP2YqXZXPbMlMBgsxzE8ILs4lMIX/2o0L9UBw9O/Y3o6wFw/i9YLapcUJWwqbi3kdxIPdC62TIA==",
            "requires": {
                "glob": "^7.1.3"
            }
        },
        "run-parallel": {
            "version": "1.2.0",
            "resolved": "https://registry.npmjs.org/run-parallel/-/run-parallel-1.2.0.tgz",
            "integrity": "sha512-5l4VyZR86LZ/lDxZTR6jqL8AFE2S0IFLMP26AbjsLVADxHdhB/c0GUsH+y39UfCi3dzz8OlQuPmnaJOMoDHQBA==",
            "dev": true,
            "requires": {
                "queue-microtask": "^1.2.2"
            }
        },
        "semver": {
            "version": "7.3.8",
            "resolved": "https://registry.npmjs.org/semver/-/semver-7.3.8.tgz",
            "integrity": "sha512-NB1ctGL5rlHrPJtFDVIVzTyQylMLu9N9VICA6HSFJo8MCGVTMW6gfpicwKmmK/dAjTOrqu5l63JJOpDSrAis3A==",
            "dev": true,
            "requires": {
                "lru-cache": "^6.0.0"
            }
        },
        "slash": {
            "version": "3.0.0",
            "resolved": "https://registry.npmjs.org/slash/-/slash-3.0.0.tgz",
            "integrity": "sha512-g9Q1haeby36OSStwb4ntCGGGaKsaVSjQ68fBxoQcutl5fS1vuY18H3wSt3jFyFtrkx+Kz0V1G85A4MyAdDMi2Q==",
            "dev": true
        },
        "to-regex-range": {
            "version": "5.0.1",
            "resolved": "https://registry.npmjs.org/to-regex-range/-/to-regex-range-5.0.1.tgz",
            "integrity": "sha512-65P7iz6X5yEr1cwcgvQxbbIw7Uk3gOy5dIdtZ4rDveLqhrdJP+Li/Hx6tyK0NEb+2GCyneCMJiGqrADCSNk8sQ==",
            "dev": true,
            "requires": {
                "is-number": "^7.0.0"
            }
        },
        "tslib": {
            "version": "1.14.1",
            "resolved": "https://registry.npmjs.org/tslib/-/tslib-1.14.1.tgz",
            "integrity": "sha512-Xni35NKzjgMrwevysHTCArtLDpPvye8zV/0E4EyYn43P7/7qvQwPh9BGkHewbMulVntbigmcT7rdX3BNo9wRJg==",
            "dev": true
        },
        "tsutils": {
            "version": "3.21.0",
            "resolved": "https://registry.npmjs.org/tsutils/-/tsutils-3.21.0.tgz",
            "integrity": "sha512-mHKK3iUXL+3UF6xL5k0PEhKRUBKPBCv/+RkEOpjRWxxx27KKRBmmA60A9pgOUvMi8GKhRMPEmjBRPzs2W7O1OA==",
            "dev": true,
            "requires": {
                "tslib": "^1.8.1"
            }
        },
        "typescript": {
            "version": "4.9.4",
            "resolved": "https://registry.npmjs.org/typescript/-/typescript-4.9.4.tgz",
            "integrity": "sha512-Uz+dTXYzxXXbsFpM86Wh3dKCxrQqUcVMxwU54orwlJjOpO3ao8L7j5lH+dWfTwgCwIuM9GQ2kvVotzYJMXTBZg==",
            "dev": true
        },
        "unload": {
            "version": "2.2.0",
            "resolved": "https://registry.npmjs.org/unload/-/unload-2.2.0.tgz",
            "integrity": "sha512-B60uB5TNBLtN6/LsgAf3udH9saB5p7gqJwcFfbOEZ8BcBHnGwCf6G/TGiEqkRAxX7zAFIUtzdrXQSdL3Q/wqNA==",
            "requires": {
                "@babel/runtime": "^7.6.2",
                "detect-node": "^2.0.4"
            }
        },
        "wrappy": {
            "version": "1.0.2",
            "resolved": "https://registry.npmjs.org/wrappy/-/wrappy-1.0.2.tgz",
            "integrity": "sha512-l4Sp/DRseor9wL6EvV2+TuQn63dMkPjZ/sp9XkghTEbV9KlPS1xUsZ3u7/IQO4wxtcFB4bgpQPRcR3QCvezPcQ=="
        },
        "yallist": {
            "version": "4.0.0",
            "resolved": "https://registry.npmjs.org/yallist/-/yallist-4.0.0.tgz",
            "integrity": "sha512-3wdGidZyq5PB084XLES5TpOSRA3wjXAlIWMhum2kRcv/41Sn2emQ0dycQW4uZXLejwKvg6EsvbdlVL+FYEct7A==",
            "dev": true
        }
    }
}
